# This file is @generated by PDM.
# It is not intended for manual editing.

[metadata]
groups = ["default"]
strategy = ["inherit_metadata"]
lock_version = "4.5.0"
content_hash = "sha256:3244613299e2d2eb2c0c70f18a3867c14308d5776940db3c1b62b107da992c67"

[[metadata.targets]]
requires_python = "==3.12.*"

[[package]]
name = "aioboto3"
version = "14.3.0"
requires_python = "<4.0,>=3.8"
summary = "Async boto3 wrapper"
groups = ["default"]
dependencies = [
    "aiobotocore[boto3]==2.22.0",
    "aiofiles>=23.2.1",
]
files = [
    {file = "aioboto3-14.3.0-py3-none-any.whl", hash = "sha256:aec5de94e9edc1ffbdd58eead38a37f00ddac59a519db749a910c20b7b81bca7"},
    {file = "aioboto3-14.3.0.tar.gz", hash = "sha256:1d18f88bb56835c607b62bb6cb907754d717bedde3ddfff6935727cb48a80135"},
]

[[package]]
name = "aiobotocore"
version = "2.22.0"
requires_python = ">=3.8"
summary = "Async client for aws services using botocore and aiohttp"
groups = ["default"]
dependencies = [
    "aiohttp<4.0.0,>=3.9.2",
    "aioitertools<1.0.0,>=0.5.1",
    "botocore<1.37.4,>=1.37.2",
    "jmespath<2.0.0,>=0.7.1",
    "multidict<7.0.0,>=6.0.0",
    "python-dateutil<3.0.0,>=2.1",
    "wrapt<2.0.0,>=1.10.10",
]
files = [
    {file = "aiobotocore-2.22.0-py3-none-any.whl", hash = "sha256:b4e6306f79df9d81daff1f9d63189a2dbee4b77ce3ab937304834e35eaaeeccf"},
    {file = "aiobotocore-2.22.0.tar.gz", hash = "sha256:11091477266b75c2b5d28421c1f2bc9a87d175d0b8619cb830805e7a113a170b"},
]

[[package]]
name = "aiobotocore"
version = "2.22.0"
extras = ["boto3"]
requires_python = ">=3.8"
summary = "Async client for aws services using botocore and aiohttp"
groups = ["default"]
dependencies = [
    "aiobotocore==2.22.0",
    "boto3<1.37.4,>=1.37.2",
]
files = [
    {file = "aiobotocore-2.22.0-py3-none-any.whl", hash = "sha256:b4e6306f79df9d81daff1f9d63189a2dbee4b77ce3ab937304834e35eaaeeccf"},
    {file = "aiobotocore-2.22.0.tar.gz", hash = "sha256:11091477266b75c2b5d28421c1f2bc9a87d175d0b8619cb830805e7a113a170b"},
]

[[package]]
name = "aiofiles"
version = "24.1.0"
requires_python = ">=3.8"
summary = "File support for asyncio."
groups = ["default"]
files = [
    {file = "aiofiles-24.1.0-py3-none-any.whl", hash = "sha256:b4ec55f4195e3eb5d7abd1bf7e061763e864dd4954231fb8539a0ef8bb8260e5"},
    {file = "aiofiles-24.1.0.tar.gz", hash = "sha256:22a075c9e5a3810f0c2e48f3008c94d68c65d763b9b03857924c99e57355166c"},
]

[[package]]
name = "aiohappyeyeballs"
version = "2.6.1"
requires_python = ">=3.9"
summary = "Happy Eyeballs for asyncio"
groups = ["default"]
files = [
    {file = "aiohappyeyeballs-2.6.1-py3-none-any.whl", hash = "sha256:f349ba8f4b75cb25c99c5c2d84e997e485204d2902a9597802b0371f09331fb8"},
    {file = "aiohappyeyeballs-2.6.1.tar.gz", hash = "sha256:c3f9d0113123803ccadfdf3f0faa505bc78e6a72d1cc4806cbd719826e943558"},
]

[[package]]
name = "aiohttp"
version = "3.12.4"
requires_python = ">=3.9"
summary = "Async http client/server framework (asyncio)"
groups = ["default"]
dependencies = [
    "aiohappyeyeballs>=2.5.0",
    "aiosignal>=1.1.2",
    "async-timeout<6.0,>=4.0; python_version < \"3.11\"",
    "attrs>=17.3.0",
    "frozenlist>=1.1.1",
    "multidict<7.0,>=4.5",
    "propcache>=0.2.0",
    "yarl<2.0,>=1.17.0",
]
files = [
    {file = "aiohttp-3.12.4-cp312-cp312-macosx_10_13_universal2.whl", hash = "sha256:7947933c67eb33f51076cabf99f9977260329759d66c4d779c6b8e35c71a96bf"},
    {file = "aiohttp-3.12.4-cp312-cp312-macosx_10_13_x86_64.whl", hash = "sha256:bb046723c90db9ecba67549ab5614707168ba7424742cfab40c198d8d75176e4"},
    {file = "aiohttp-3.12.4-cp312-cp312-macosx_11_0_arm64.whl", hash = "sha256:5fe52157c5e160eac99bb3589c2f29186d233fc83f6f42315c828f7e115f87f5"},
    {file = "aiohttp-3.12.4-cp312-cp312-manylinux_2_17_aarch64.manylinux2014_aarch64.whl", hash = "sha256:f5bf2015822cf7177957b8573a5997c3a00b93cd2f40aa8f5155649014563bd8"},
    {file = "aiohttp-3.12.4-cp312-cp312-manylinux_2_17_armv7l.manylinux2014_armv7l.manylinux_2_31_armv7l.whl", hash = "sha256:db28a058b837c2a8cbebd0fae78299a41691694e536bb2ad77377bd4978b8372"},
    {file = "aiohttp-3.12.4-cp312-cp312-manylinux_2_17_ppc64le.manylinux2014_ppc64le.whl", hash = "sha256:ac155f380e100825fe2ae59b5d4e297fea98d90f5b7df5b27a9096992d8672dd"},
    {file = "aiohttp-3.12.4-cp312-cp312-manylinux_2_17_s390x.manylinux2014_s390x.whl", hash = "sha256:2de98a1fa249d35f05a6a7525e5823260e8b0c252d72c9cf39d0f945c38da0c7"},
    {file = "aiohttp-3.12.4-cp312-cp312-manylinux_2_17_x86_64.manylinux2014_x86_64.whl", hash = "sha256:e4c2de2077ee70b93015b4a74493964d891e730d238371c8d4b70413be36b0cf"},
    {file = "aiohttp-3.12.4-cp312-cp312-manylinux_2_5_i686.manylinux1_i686.manylinux_2_17_i686.manylinux2014_i686.whl", hash = "sha256:058199018d700883c86c473814fb0ecabb4e3ae39bafcbc77ed2c94199e5affb"},
    {file = "aiohttp-3.12.4-cp312-cp312-musllinux_1_2_aarch64.whl", hash = "sha256:b6586aaccf46bc5ae05598fcd09a26fbc9186284eb2551d3262f31a8ec79a463"},
    {file = "aiohttp-3.12.4-cp312-cp312-musllinux_1_2_armv7l.whl", hash = "sha256:ededddd6fcc8f4403135609d7fb4bc1c1300464ff8fd57fb097b08cc136f18ea"},
    {file = "aiohttp-3.12.4-cp312-cp312-musllinux_1_2_i686.whl", hash = "sha256:158495f1d1858c07cc691624ccc92498410edfa57900452948f7eb6bc1be4c39"},
    {file = "aiohttp-3.12.4-cp312-cp312-musllinux_1_2_ppc64le.whl", hash = "sha256:41c064200045c344850688b4d7723ebf163b92bfc7c216c29a938d1051385c1c"},
    {file = "aiohttp-3.12.4-cp312-cp312-musllinux_1_2_s390x.whl", hash = "sha256:0834ec8491451780a2a05b0f3a83675911bb0804273ceafcd282bff2548ed962"},
    {file = "aiohttp-3.12.4-cp312-cp312-musllinux_1_2_x86_64.whl", hash = "sha256:2a81e4ebbc8d9fb6748046577525ada0c5292606ced068ec9ab3aa6d653bf5d9"},
    {file = "aiohttp-3.12.4-cp312-cp312-win32.whl", hash = "sha256:73cf6ed61849769dce058a6945d7c63da0798e409494c9ca3fddf5b526f7aee4"},
    {file = "aiohttp-3.12.4-cp312-cp312-win_amd64.whl", hash = "sha256:1e29de2afbe9c777ff8c58900e19654bf435069535a3a182a50256c8cd3eea17"},
    {file = "aiohttp-3.12.4.tar.gz", hash = "sha256:d8229b412121160740f5745583c786f3f494d2416fe5f76aabd815da6ab6b193"},
]

[[package]]
name = "aioitertools"
version = "0.12.0"
requires_python = ">=3.8"
summary = "itertools and builtins for AsyncIO and mixed iterables"
groups = ["default"]
dependencies = [
    "typing-extensions>=4.0; python_version < \"3.10\"",
]
files = [
    {file = "aioitertools-0.12.0-py3-none-any.whl", hash = "sha256:fc1f5fac3d737354de8831cbba3eb04f79dd649d8f3afb4c5b114925e662a796"},
    {file = "aioitertools-0.12.0.tar.gz", hash = "sha256:c2a9055b4fbb7705f561b9d86053e8af5d10cc845d22c32008c43490b2d8dd6b"},
]

[[package]]
name = "aiosignal"
version = "1.3.2"
requires_python = ">=3.9"
summary = "aiosignal: a list of registered asynchronous callbacks"
groups = ["default"]
dependencies = [
    "frozenlist>=1.1.0",
]
files = [
    {file = "aiosignal-1.3.2-py2.py3-none-any.whl", hash = "sha256:45cde58e409a301715980c2b01d0c28bdde3770d8290b5eb2173759d9acb31a5"},
    {file = "aiosignal-1.3.2.tar.gz", hash = "sha256:a8c255c66fafb1e499c9351d0bf32ff2d8a0321595ebac3b93713656d2436f54"},
]

[[package]]
name = "annotated-types"
version = "0.7.0"
requires_python = ">=3.8"
summary = "Reusable constraint types to use with typing.Annotated"
groups = ["default"]
dependencies = [
    "typing-extensions>=4.0.0; python_version < \"3.9\"",
]
files = [
    {file = "annotated_types-0.7.0-py3-none-any.whl", hash = "sha256:1f02e8b43a8fbbc3f3e0d4f0f4bfc8131bcb4eebe8849b8e5c773f3a1c582a53"},
    {file = "annotated_types-0.7.0.tar.gz", hash = "sha256:aff07c09a53a08bc8cfccb9c85b05f1aa9a2a6f23728d790723543408344ce89"},
]

[[package]]
name = "anyio"
version = "4.9.0"
requires_python = ">=3.9"
summary = "High level compatibility layer for multiple asynchronous event loop implementations"
groups = ["default"]
dependencies = [
    "exceptiongroup>=1.0.2; python_version < \"3.11\"",
    "idna>=2.8",
    "sniffio>=1.1",
    "typing-extensions>=4.5; python_version < \"3.13\"",
]
files = [
    {file = "anyio-4.9.0-py3-none-any.whl", hash = "sha256:9f76d541cad6e36af7beb62e978876f3b41e3e04f2c1fbf0884604c0a9c4d93c"},
    {file = "anyio-4.9.0.tar.gz", hash = "sha256:673c0c244e15788651a4ff38710fea9675823028a6f08a5eda409e0c9840a028"},
]

[[package]]
name = "attrs"
version = "25.3.0"
requires_python = ">=3.8"
summary = "Classes Without Boilerplate"
groups = ["default"]
files = [
    {file = "attrs-25.3.0-py3-none-any.whl", hash = "sha256:427318ce031701fea540783410126f03899a97ffc6f61596ad581ac2e40e3bc3"},
    {file = "attrs-25.3.0.tar.gz", hash = "sha256:75d7cefc7fb576747b2c81b4442d4d4a1ce0900973527c011d1030fd3bf4af1b"},
]

[[package]]
name = "boto3"
version = "1.37.3"
requires_python = ">=3.8"
summary = "The AWS SDK for Python"
groups = ["default"]
dependencies = [
    "botocore<1.38.0,>=1.37.3",
    "jmespath<2.0.0,>=0.7.1",
    "s3transfer<0.12.0,>=0.11.0",
]
files = [
    {file = "boto3-1.37.3-py3-none-any.whl", hash = "sha256:2063b40af99fd02f6228ff52397b552ff3353831edaf8d25cc04801827ab9794"},
    {file = "boto3-1.37.3.tar.gz", hash = "sha256:21f3ce0ef111297e63a6eb998a25197b8c10982970c320d4c6e8db08be2157be"},
]

[[package]]
name = "botocore"
version = "1.37.3"
requires_python = ">=3.8"
summary = "Low-level, data-driven core of boto 3."
groups = ["default"]
dependencies = [
    "jmespath<2.0.0,>=0.7.1",
    "python-dateutil<3.0.0,>=2.1",
    "urllib3!=2.2.0,<3,>=1.25.4; python_version >= \"3.10\"",
    "urllib3<1.27,>=1.25.4; python_version < \"3.10\"",
]
files = [
    {file = "botocore-1.37.3-py3-none-any.whl", hash = "sha256:d01bd3bf4c80e61fa88d636ad9f5c9f60a551d71549b481386c6b4efe0bb2b2e"},
    {file = "botocore-1.37.3.tar.gz", hash = "sha256:fe8403eb55a88faf9b0f9da6615e5bee7be056d75e17af66c3c8f0a3b0648da4"},
]

[[package]]
name = "click"
version = "8.1.8"
requires_python = ">=3.7"
summary = "Composable command line interface toolkit"
groups = ["default"]
dependencies = [
    "colorama; platform_system == \"Windows\"",
    "importlib-metadata; python_version < \"3.8\"",
]
files = [
    {file = "click-8.1.8-py3-none-any.whl", hash = "sha256:63c132bbbed01578a06712a2d1f497bb62d9c1c0d329b7903a866228027263b2"},
    {file = "click-8.1.8.tar.gz", hash = "sha256:ed53c9d8990d83c2a27deae68e4ee337473f6330c040a31d4225c9574d16096a"},
]

[[package]]
name = "colorama"
version = "0.4.6"
requires_python = "!=3.0.*,!=3.1.*,!=3.2.*,!=3.3.*,!=3.4.*,!=3.5.*,!=3.6.*,>=2.7"
summary = "Cross-platform colored terminal text."
groups = ["default"]
marker = "sys_platform == \"win32\" or platform_system == \"Windows\""
files = [
    {file = "colorama-0.4.6-py2.py3-none-any.whl", hash = "sha256:4f1d9991f5acc0ca119f9d443620b77f9d6b33703e51011c16baf57afb285fc6"},
    {file = "colorama-0.4.6.tar.gz", hash = "sha256:08695f5cb7ed6e0531a20572697297273c47b8cae5a63ffc6d6ed5c201be6e44"},
]

[[package]]
name = "fastapi"
version = "0.115.12"
requires_python = ">=3.8"
summary = "FastAPI framework, high performance, easy to learn, fast to code, ready for production"
groups = ["default"]
dependencies = [
    "pydantic!=1.8,!=1.8.1,!=2.0.0,!=2.0.1,!=2.1.0,<3.0.0,>=1.7.4",
    "starlette<0.47.0,>=0.40.0",
    "typing-extensions>=4.8.0",
]
files = [
    {file = "fastapi-0.115.12-py3-none-any.whl", hash = "sha256:e94613d6c05e27be7ffebdd6ea5f388112e5e430c8f7d6494a9d1d88d43e814d"},
    {file = "fastapi-0.115.12.tar.gz", hash = "sha256:1e2c2a2646905f9e83d32f04a3f86aff4a286669c6c950ca95b5fd68c2602681"},
]

[[package]]
name = "frozenlist"
version = "1.6.0"
requires_python = ">=3.9"
summary = "A list-like structure which implements collections.abc.MutableSequence"
groups = ["default"]
files = [
    {file = "frozenlist-1.6.0-cp312-cp312-macosx_10_13_universal2.whl", hash = "sha256:c5b9e42ace7d95bf41e19b87cec8f262c41d3510d8ad7514ab3862ea2197bfb1"},
    {file = "frozenlist-1.6.0-cp312-cp312-macosx_10_13_x86_64.whl", hash = "sha256:ca9973735ce9f770d24d5484dcb42f68f135351c2fc81a7a9369e48cf2998a29"},
    {file = "frozenlist-1.6.0-cp312-cp312-macosx_11_0_arm64.whl", hash = "sha256:6ac40ec76041c67b928ca8aaffba15c2b2ee3f5ae8d0cb0617b5e63ec119ca25"},
    {file = "frozenlist-1.6.0-cp312-cp312-manylinux_2_17_aarch64.manylinux2014_aarch64.whl", hash = "sha256:95b7a8a3180dfb280eb044fdec562f9b461614c0ef21669aea6f1d3dac6ee576"},
    {file = "frozenlist-1.6.0-cp312-cp312-manylinux_2_17_armv7l.manylinux2014_armv7l.manylinux_2_31_armv7l.whl", hash = "sha256:c444d824e22da6c9291886d80c7d00c444981a72686e2b59d38b285617cb52c8"},
    {file = "frozenlist-1.6.0-cp312-cp312-manylinux_2_17_ppc64le.manylinux2014_ppc64le.whl", hash = "sha256:bb52c8166499a8150bfd38478248572c924c003cbb45fe3bcd348e5ac7c000f9"},
    {file = "frozenlist-1.6.0-cp312-cp312-manylinux_2_17_s390x.manylinux2014_s390x.whl", hash = "sha256:b35298b2db9c2468106278537ee529719228950a5fdda686582f68f247d1dc6e"},
    {file = "frozenlist-1.6.0-cp312-cp312-manylinux_2_5_i686.manylinux1_i686.manylinux_2_17_i686.manylinux2014_i686.whl", hash = "sha256:d108e2d070034f9d57210f22fefd22ea0d04609fc97c5f7f5a686b3471028590"},
    {file = "frozenlist-1.6.0-cp312-cp312-manylinux_2_5_x86_64.manylinux1_x86_64.manylinux_2_17_x86_64.manylinux2014_x86_64.whl", hash = "sha256:4e1be9111cb6756868ac242b3c2bd1f09d9aea09846e4f5c23715e7afb647103"},
    {file = "frozenlist-1.6.0-cp312-cp312-musllinux_1_2_aarch64.whl", hash = "sha256:94bb451c664415f02f07eef4ece976a2c65dcbab9c2f1705b7031a3a75349d8c"},
    {file = "frozenlist-1.6.0-cp312-cp312-musllinux_1_2_armv7l.whl", hash = "sha256:d1a686d0b0949182b8faddea596f3fc11f44768d1f74d4cad70213b2e139d821"},
    {file = "frozenlist-1.6.0-cp312-cp312-musllinux_1_2_i686.whl", hash = "sha256:ea8e59105d802c5a38bdbe7362822c522230b3faba2aa35c0fa1765239b7dd70"},
    {file = "frozenlist-1.6.0-cp312-cp312-musllinux_1_2_ppc64le.whl", hash = "sha256:abc4e880a9b920bc5020bf6a431a6bb40589d9bca3975c980495f63632e8382f"},
    {file = "frozenlist-1.6.0-cp312-cp312-musllinux_1_2_s390x.whl", hash = "sha256:9a79713adfe28830f27a3c62f6b5406c37376c892b05ae070906f07ae4487046"},
    {file = "frozenlist-1.6.0-cp312-cp312-musllinux_1_2_x86_64.whl", hash = "sha256:9a0318c2068e217a8f5e3b85e35899f5a19e97141a45bb925bb357cfe1daf770"},
    {file = "frozenlist-1.6.0-cp312-cp312-win32.whl", hash = "sha256:853ac025092a24bb3bf09ae87f9127de9fe6e0c345614ac92536577cf956dfcc"},
    {file = "frozenlist-1.6.0-cp312-cp312-win_amd64.whl", hash = "sha256:2bdfe2d7e6c9281c6e55523acd6c2bf77963cb422fdc7d142fb0cb6621b66878"},
    {file = "frozenlist-1.6.0-py3-none-any.whl", hash = "sha256:535eec9987adb04701266b92745d6cdcef2e77669299359c3009c3404dd5d191"},
    {file = "frozenlist-1.6.0.tar.gz", hash = "sha256:b99655c32c1c8e06d111e7f41c06c29a5318cb1835df23a45518e02a47c63b68"},
]

[[package]]
name = "h11"
version = "0.16.0"
requires_python = ">=3.8"
summary = "A pure-Python, bring-your-own-I/O implementation of HTTP/1.1"
groups = ["default"]
files = [
    {file = "h11-0.16.0-py3-none-any.whl", hash = "sha256:63cf8bbe7522de3bf65932fda1d9c2772064ffb3dae62d55932da54b31cb6c86"},
    {file = "h11-0.16.0.tar.gz", hash = "sha256:4e35b956cf45792e4caa5885e69fba00bdbc6ffafbfa020300e549b208ee5ff1"},
]

[[package]]
name = "idna"
version = "3.10"
requires_python = ">=3.6"
summary = "Internationalized Domain Names in Applications (IDNA)"
groups = ["default"]
files = [
    {file = "idna-3.10-py3-none-any.whl", hash = "sha256:946d195a0d259cbba61165e88e65941f16e9b36ea6ddb97f00452bae8b1287d3"},
    {file = "idna-3.10.tar.gz", hash = "sha256:12f65c9b470abda6dc35cf8e63cc574b1c52b11df2c86030af0ac09b01b13ea9"},
]

[[package]]
name = "jinja2"
version = "3.1.6"
requires_python = ">=3.7"
summary = "A very fast and expressive template engine."
groups = ["default"]
dependencies = [
    "MarkupSafe>=2.0",
]
files = [
    {file = "jinja2-3.1.6-py3-none-any.whl", hash = "sha256:85ece4451f492d0c13c5dd7c13a64681a86afae63a5f347908daf103ce6d2f67"},
    {file = "jinja2-3.1.6.tar.gz", hash = "sha256:0137fb05990d35f1275a587e9aee6d56da821fc83491a0fb838183be43f66d6d"},
]

[[package]]
name = "jmespath"
version = "1.0.1"
requires_python = ">=3.7"
summary = "JSON Matching Expressions"
groups = ["default"]
files = [
    {file = "jmespath-1.0.1-py3-none-any.whl", hash = "sha256:02e2e4cc71b5bcab88332eebf907519190dd9e6e82107fa7f83b1003a6252980"},
    {file = "jmespath-1.0.1.tar.gz", hash = "sha256:90261b206d6defd58fdd5e85f478bf633a2901798906be2ad389150c5c60edbe"},
]

[[package]]
name = "loguru"
version = "0.7.3"
requires_python = "<4.0,>=3.5"
summary = "Python logging made (stupidly) simple"
groups = ["default"]
dependencies = [
    "aiocontextvars>=0.2.0; python_version < \"3.7\"",
    "colorama>=0.3.4; sys_platform == \"win32\"",
    "win32-setctime>=1.0.0; sys_platform == \"win32\"",
]
files = [
    {file = "loguru-0.7.3-py3-none-any.whl", hash = "sha256:31a33c10c8e1e10422bfd431aeb5d351c7cf7fa671e3c4df004162264b28220c"},
    {file = "loguru-0.7.3.tar.gz", hash = "sha256:19480589e77d47b8d85b2c827ad95d49bf31b0dcde16593892eb51dd18706eb6"},
]

[[package]]
name = "markupsafe"
version = "3.0.2"
requires_python = ">=3.9"
summary = "Safely add untrusted strings to HTML/XML markup."
groups = ["default"]
files = [
    {file = "MarkupSafe-3.0.2-cp312-cp312-macosx_10_13_universal2.whl", hash = "sha256:9778bd8ab0a994ebf6f84c2b949e65736d5575320a17ae8984a77fab08db94cf"},
    {file = "MarkupSafe-3.0.2-cp312-cp312-macosx_11_0_arm64.whl", hash = "sha256:846ade7b71e3536c4e56b386c2a47adf5741d2d8b94ec9dc3e92e5e1ee1e2225"},
    {file = "MarkupSafe-3.0.2-cp312-cp312-manylinux_2_17_aarch64.manylinux2014_aarch64.whl", hash = "sha256:1c99d261bd2d5f6b59325c92c73df481e05e57f19837bdca8413b9eac4bd8028"},
    {file = "MarkupSafe-3.0.2-cp312-cp312-manylinux_2_17_x86_64.manylinux2014_x86_64.whl", hash = "sha256:e17c96c14e19278594aa4841ec148115f9c7615a47382ecb6b82bd8fea3ab0c8"},
    {file = "MarkupSafe-3.0.2-cp312-cp312-manylinux_2_5_i686.manylinux1_i686.manylinux_2_17_i686.manylinux2014_i686.whl", hash = "sha256:88416bd1e65dcea10bc7569faacb2c20ce071dd1f87539ca2ab364bf6231393c"},
    {file = "MarkupSafe-3.0.2-cp312-cp312-musllinux_1_2_aarch64.whl", hash = "sha256:2181e67807fc2fa785d0592dc2d6206c019b9502410671cc905d132a92866557"},
    {file = "MarkupSafe-3.0.2-cp312-cp312-musllinux_1_2_i686.whl", hash = "sha256:52305740fe773d09cffb16f8ed0427942901f00adedac82ec8b67752f58a1b22"},
    {file = "MarkupSafe-3.0.2-cp312-cp312-musllinux_1_2_x86_64.whl", hash = "sha256:ad10d3ded218f1039f11a75f8091880239651b52e9bb592ca27de44eed242a48"},
    {file = "MarkupSafe-3.0.2-cp312-cp312-win32.whl", hash = "sha256:0f4ca02bea9a23221c0182836703cbf8930c5e9454bacce27e767509fa286a30"},
    {file = "MarkupSafe-3.0.2-cp312-cp312-win_amd64.whl", hash = "sha256:8e06879fc22a25ca47312fbe7c8264eb0b662f6db27cb2d3bbbc74b1df4b9b87"},
    {file = "markupsafe-3.0.2.tar.gz", hash = "sha256:ee55d3edf80167e48ea11a923c7386f4669df67d7994554387f84e7d8b0a2bf0"},
]

[[package]]
name = "multidict"
version = "6.4.4"
requires_python = ">=3.9"
summary = "multidict implementation"
groups = ["default"]
dependencies = [
    "typing-extensions>=4.1.0; python_version < \"3.11\"",
]
files = [
    {file = "multidict-6.4.4-cp312-cp312-macosx_10_13_universal2.whl", hash = "sha256:dc388f75a1c00000824bf28b7633e40854f4127ede80512b44c3cfeeea1839a2"},
    {file = "multidict-6.4.4-cp312-cp312-macosx_10_13_x86_64.whl", hash = "sha256:98af87593a666f739d9dba5d0ae86e01b0e1a9cfcd2e30d2d361fbbbd1a9162d"},
    {file = "multidict-6.4.4-cp312-cp312-macosx_11_0_arm64.whl", hash = "sha256:aff4cafea2d120327d55eadd6b7f1136a8e5a0ecf6fb3b6863e8aca32cd8e50a"},
    {file = "multidict-6.4.4-cp312-cp312-manylinux_2_17_aarch64.manylinux2014_aarch64.whl", hash = "sha256:169c4ba7858176b797fe551d6e99040c531c775d2d57b31bcf4de6d7a669847f"},
    {file = "multidict-6.4.4-cp312-cp312-manylinux_2_17_armv7l.manylinux2014_armv7l.manylinux_2_31_armv7l.whl", hash = "sha256:b9eb4c59c54421a32b3273d4239865cb14ead53a606db066d7130ac80cc8ec93"},
    {file = "multidict-6.4.4-cp312-cp312-manylinux_2_17_ppc64le.manylinux2014_ppc64le.whl", hash = "sha256:7cf3bd54c56aa16fdb40028d545eaa8d051402b61533c21e84046e05513d5780"},
    {file = "multidict-6.4.4-cp312-cp312-manylinux_2_17_s390x.manylinux2014_s390x.whl", hash = "sha256:f682c42003c7264134bfe886376299db4cc0c6cd06a3295b41b347044bcb5482"},
    {file = "multidict-6.4.4-cp312-cp312-manylinux_2_17_x86_64.manylinux2014_x86_64.whl", hash = "sha256:a920f9cf2abdf6e493c519492d892c362007f113c94da4c239ae88429835bad1"},
    {file = "multidict-6.4.4-cp312-cp312-manylinux_2_5_i686.manylinux1_i686.manylinux_2_17_i686.manylinux2014_i686.whl", hash = "sha256:530d86827a2df6504526106b4c104ba19044594f8722d3e87714e847c74a0275"},
    {file = "multidict-6.4.4-cp312-cp312-musllinux_1_2_aarch64.whl", hash = "sha256:ecde56ea2439b96ed8a8d826b50c57364612ddac0438c39e473fafad7ae1c23b"},
    {file = "multidict-6.4.4-cp312-cp312-musllinux_1_2_armv7l.whl", hash = "sha256:dc8c9736d8574b560634775ac0def6bdc1661fc63fa27ffdfc7264c565bcb4f2"},
    {file = "multidict-6.4.4-cp312-cp312-musllinux_1_2_i686.whl", hash = "sha256:7f3d3b3c34867579ea47cbd6c1f2ce23fbfd20a273b6f9e3177e256584f1eacc"},
    {file = "multidict-6.4.4-cp312-cp312-musllinux_1_2_ppc64le.whl", hash = "sha256:87a728af265e08f96b6318ebe3c0f68b9335131f461efab2fc64cc84a44aa6ed"},
    {file = "multidict-6.4.4-cp312-cp312-musllinux_1_2_s390x.whl", hash = "sha256:9f193eeda1857f8e8d3079a4abd258f42ef4a4bc87388452ed1e1c4d2b0c8740"},
    {file = "multidict-6.4.4-cp312-cp312-musllinux_1_2_x86_64.whl", hash = "sha256:be06e73c06415199200e9a2324a11252a3d62030319919cde5e6950ffeccf72e"},
    {file = "multidict-6.4.4-cp312-cp312-win32.whl", hash = "sha256:622f26ea6a7e19b7c48dd9228071f571b2fbbd57a8cd71c061e848f281550e6b"},
    {file = "multidict-6.4.4-cp312-cp312-win_amd64.whl", hash = "sha256:5e2bcda30d5009996ff439e02a9f2b5c3d64a20151d34898c000a6281faa3781"},
    {file = "multidict-6.4.4-py3-none-any.whl", hash = "sha256:bd4557071b561a8b3b6075c3ce93cf9bfb6182cb241805c3d66ced3b75eff4ac"},
    {file = "multidict-6.4.4.tar.gz", hash = "sha256:69ee9e6ba214b5245031b76233dd95408a0fd57fdb019ddcc1ead4790932a8e8"},
]

[[package]]
name = "propcache"
version = "0.3.1"
requires_python = ">=3.9"
summary = "Accelerated property cache"
groups = ["default"]
files = [
    {file = "propcache-0.3.1-cp312-cp312-macosx_10_13_universal2.whl", hash = "sha256:f78eb8422acc93d7b69964012ad7048764bb45a54ba7a39bb9e146c72ea29723"},
    {file = "propcache-0.3.1-cp312-cp312-macosx_10_13_x86_64.whl", hash = "sha256:89498dd49c2f9a026ee057965cdf8192e5ae070ce7d7a7bd4b66a8e257d0c976"},
    {file = "propcache-0.3.1-cp312-cp312-macosx_11_0_arm64.whl", hash = "sha256:09400e98545c998d57d10035ff623266927cb784d13dd2b31fd33b8a5316b85b"},
    {file = "propcache-0.3.1-cp312-cp312-manylinux_2_17_aarch64.manylinux2014_aarch64.whl", hash = "sha256:aa8efd8c5adc5a2c9d3b952815ff8f7710cefdcaf5f2c36d26aff51aeca2f12f"},
    {file = "propcache-0.3.1-cp312-cp312-manylinux_2_17_ppc64le.manylinux2014_ppc64le.whl", hash = "sha256:c2fe5c910f6007e716a06d269608d307b4f36e7babee5f36533722660e8c4a70"},
    {file = "propcache-0.3.1-cp312-cp312-manylinux_2_17_s390x.manylinux2014_s390x.whl", hash = "sha256:a0ab8cf8cdd2194f8ff979a43ab43049b1df0b37aa64ab7eca04ac14429baeb7"},
    {file = "propcache-0.3.1-cp312-cp312-manylinux_2_17_x86_64.manylinux2014_x86_64.whl", hash = "sha256:563f9d8c03ad645597b8d010ef4e9eab359faeb11a0a2ac9f7b4bc8c28ebef25"},
    {file = "propcache-0.3.1-cp312-cp312-manylinux_2_5_i686.manylinux1_i686.manylinux_2_17_i686.manylinux2014_i686.whl", hash = "sha256:fb6e0faf8cb6b4beea5d6ed7b5a578254c6d7df54c36ccd3d8b3eb00d6770277"},
    {file = "propcache-0.3.1-cp312-cp312-musllinux_1_2_aarch64.whl", hash = "sha256:1c5c7ab7f2bb3f573d1cb921993006ba2d39e8621019dffb1c5bc94cdbae81e8"},
    {file = "propcache-0.3.1-cp312-cp312-musllinux_1_2_armv7l.whl", hash = "sha256:050b571b2e96ec942898f8eb46ea4bfbb19bd5502424747e83badc2d4a99a44e"},
    {file = "propcache-0.3.1-cp312-cp312-musllinux_1_2_i686.whl", hash = "sha256:e1c4d24b804b3a87e9350f79e2371a705a188d292fd310e663483af6ee6718ee"},
    {file = "propcache-0.3.1-cp312-cp312-musllinux_1_2_ppc64le.whl", hash = "sha256:e4fe2a6d5ce975c117a6bb1e8ccda772d1e7029c1cca1acd209f91d30fa72815"},
    {file = "propcache-0.3.1-cp312-cp312-musllinux_1_2_s390x.whl", hash = "sha256:feccd282de1f6322f56f6845bf1207a537227812f0a9bf5571df52bb418d79d5"},
    {file = "propcache-0.3.1-cp312-cp312-musllinux_1_2_x86_64.whl", hash = "sha256:ec314cde7314d2dd0510c6787326bbffcbdc317ecee6b7401ce218b3099075a7"},
    {file = "propcache-0.3.1-cp312-cp312-win32.whl", hash = "sha256:7d2d5a0028d920738372630870e7d9644ce437142197f8c827194fca404bf03b"},
    {file = "propcache-0.3.1-cp312-cp312-win_amd64.whl", hash = "sha256:88c423efef9d7a59dae0614eaed718449c09a5ac79a5f224a8b9664d603f04a3"},
    {file = "propcache-0.3.1-py3-none-any.whl", hash = "sha256:9a8ecf38de50a7f518c21568c80f985e776397b902f1ce0b01f799aba1608b40"},
    {file = "propcache-0.3.1.tar.gz", hash = "sha256:40d980c33765359098837527e18eddefc9a24cea5b45e078a7f3bb5b032c6ecf"},
]

[[package]]
name = "pydantic"
version = "2.11.3"
requires_python = ">=3.9"
summary = "Data validation using Python type hints"
groups = ["default"]
dependencies = [
    "annotated-types>=0.6.0",
    "pydantic-core==2.33.1",
    "typing-extensions>=4.12.2",
    "typing-inspection>=0.4.0",
]
files = [
    {file = "pydantic-2.11.3-py3-none-any.whl", hash = "sha256:a082753436a07f9ba1289c6ffa01cd93db3548776088aa917cc43b63f68fa60f"},
    {file = "pydantic-2.11.3.tar.gz", hash = "sha256:7471657138c16adad9322fe3070c0116dd6c3ad8d649300e3cbdfe91f4db4ec3"},
]

[[package]]
name = "pydantic-core"
version = "2.33.1"
requires_python = ">=3.9"
summary = "Core functionality for Pydantic validation and serialization"
groups = ["default"]
dependencies = [
    "typing-extensions!=4.7.0,>=4.6.0",
]
files = [
    {file = "pydantic_core-2.33.1-cp312-cp312-macosx_10_12_x86_64.whl", hash = "sha256:1293d7febb995e9d3ec3ea09caf1a26214eec45b0f29f6074abb004723fc1de8"},
    {file = "pydantic_core-2.33.1-cp312-cp312-macosx_11_0_arm64.whl", hash = "sha256:99b56acd433386c8f20be5c4000786d1e7ca0523c8eefc995d14d79c7a081498"},
    {file = "pydantic_core-2.33.1-cp312-cp312-manylinux_2_17_aarch64.manylinux2014_aarch64.whl", hash = "sha256:35a5ec3fa8c2fe6c53e1b2ccc2454398f95d5393ab398478f53e1afbbeb4d939"},
    {file = "pydantic_core-2.33.1-cp312-cp312-manylinux_2_17_armv7l.manylinux2014_armv7l.whl", hash = "sha256:b172f7b9d2f3abc0efd12e3386f7e48b576ef309544ac3a63e5e9cdd2e24585d"},
    {file = "pydantic_core-2.33.1-cp312-cp312-manylinux_2_17_ppc64le.manylinux2014_ppc64le.whl", hash = "sha256:9097b9f17f91eea659b9ec58148c0747ec354a42f7389b9d50701610d86f812e"},
    {file = "pydantic_core-2.33.1-cp312-cp312-manylinux_2_17_s390x.manylinux2014_s390x.whl", hash = "sha256:cc77ec5b7e2118b152b0d886c7514a4653bcb58c6b1d760134a9fab915f777b3"},
    {file = "pydantic_core-2.33.1-cp312-cp312-manylinux_2_17_x86_64.manylinux2014_x86_64.whl", hash = "sha256:d5e3d15245b08fa4a84cefc6c9222e6f37c98111c8679fbd94aa145f9a0ae23d"},
    {file = "pydantic_core-2.33.1-cp312-cp312-manylinux_2_5_i686.manylinux1_i686.whl", hash = "sha256:ef99779001d7ac2e2461d8ab55d3373fe7315caefdbecd8ced75304ae5a6fc6b"},
    {file = "pydantic_core-2.33.1-cp312-cp312-musllinux_1_1_aarch64.whl", hash = "sha256:fc6bf8869e193855e8d91d91f6bf59699a5cdfaa47a404e278e776dd7f168b39"},
    {file = "pydantic_core-2.33.1-cp312-cp312-musllinux_1_1_armv7l.whl", hash = "sha256:b1caa0bc2741b043db7823843e1bde8aaa58a55a58fda06083b0569f8b45693a"},
    {file = "pydantic_core-2.33.1-cp312-cp312-musllinux_1_1_x86_64.whl", hash = "sha256:ec259f62538e8bf364903a7d0d0239447059f9434b284f5536e8402b7dd198db"},
    {file = "pydantic_core-2.33.1-cp312-cp312-win32.whl", hash = "sha256:e14f369c98a7c15772b9da98987f58e2b509a93235582838bd0d1d8c08b68fda"},
    {file = "pydantic_core-2.33.1-cp312-cp312-win_amd64.whl", hash = "sha256:1c607801d85e2e123357b3893f82c97a42856192997b95b4d8325deb1cd0c5f4"},
    {file = "pydantic_core-2.33.1-cp312-cp312-win_arm64.whl", hash = "sha256:8d13f0276806ee722e70a1c93da19748594f19ac4299c7e41237fc791d1861ea"},
    {file = "pydantic_core-2.33.1.tar.gz", hash = "sha256:bcc9c6fdb0ced789245b02b7d6603e17d1563064ddcfc36f046b61c0c05dd9df"},
]

[[package]]
name = "python-dateutil"
version = "2.9.0.post0"
requires_python = "!=3.0.*,!=3.1.*,!=3.2.*,>=2.7"
summary = "Extensions to the standard Python datetime module"
groups = ["default"]
dependencies = [
    "six>=1.5",
]
files = [
    {file = "python-dateutil-2.9.0.post0.tar.gz", hash = "sha256:37dd54208da7e1cd875388217d5e00ebd4179249f90fb72437e91a35459a0ad3"},
    {file = "python_dateutil-2.9.0.post0-py2.py3-none-any.whl", hash = "sha256:a8b2bc7bffae282281c8140a97d3aa9c14da0b136dfe83f850eea9a5f7470427"},
]

[[package]]
name = "ruff"
version = "0.11.7"
requires_python = ">=3.7"
summary = "An extremely fast Python linter and code formatter, written in Rust."
groups = ["default"]
files = [
    {file = "ruff-0.11.7-py3-none-linux_armv6l.whl", hash = "sha256:d29e909d9a8d02f928d72ab7837b5cbc450a5bdf578ab9ebee3263d0a525091c"},
    {file = "ruff-0.11.7-py3-none-macosx_10_12_x86_64.whl", hash = "sha256:dd1fb86b168ae349fb01dd497d83537b2c5541fe0626e70c786427dd8363aaee"},
    {file = "ruff-0.11.7-py3-none-macosx_11_0_arm64.whl", hash = "sha256:d3d7d2e140a6fbbc09033bce65bd7ea29d6a0adeb90b8430262fbacd58c38ada"},
    {file = "ruff-0.11.7-py3-none-manylinux_2_17_aarch64.manylinux2014_aarch64.whl", hash = "sha256:4809df77de390a1c2077d9b7945d82f44b95d19ceccf0c287c56e4dc9b91ca64"},
    {file = "ruff-0.11.7-py3-none-manylinux_2_17_armv7l.manylinux2014_armv7l.whl", hash = "sha256:f3a0c2e169e6b545f8e2dba185eabbd9db4f08880032e75aa0e285a6d3f48201"},
    {file = "ruff-0.11.7-py3-none-manylinux_2_17_i686.manylinux2014_i686.whl", hash = "sha256:49b888200a320dd96a68e86736cf531d6afba03e4f6cf098401406a257fcf3d6"},
    {file = "ruff-0.11.7-py3-none-manylinux_2_17_ppc64.manylinux2014_ppc64.whl", hash = "sha256:2b19cdb9cf7dae00d5ee2e7c013540cdc3b31c4f281f1dacb5a799d610e90db4"},
    {file = "ruff-0.11.7-py3-none-manylinux_2_17_ppc64le.manylinux2014_ppc64le.whl", hash = "sha256:64e0ee994c9e326b43539d133a36a455dbaab477bc84fe7bfbd528abe2f05c1e"},
    {file = "ruff-0.11.7-py3-none-manylinux_2_17_s390x.manylinux2014_s390x.whl", hash = "sha256:bad82052311479a5865f52c76ecee5d468a58ba44fb23ee15079f17dd4c8fd63"},
    {file = "ruff-0.11.7-py3-none-manylinux_2_17_x86_64.manylinux2014_x86_64.whl", hash = "sha256:7940665e74e7b65d427b82bffc1e46710ec7f30d58b4b2d5016e3f0321436502"},
    {file = "ruff-0.11.7-py3-none-musllinux_1_2_aarch64.whl", hash = "sha256:169027e31c52c0e36c44ae9a9c7db35e505fee0b39f8d9fca7274a6305295a92"},
    {file = "ruff-0.11.7-py3-none-musllinux_1_2_armv7l.whl", hash = "sha256:305b93f9798aee582e91e34437810439acb28b5fc1fee6b8205c78c806845a94"},
    {file = "ruff-0.11.7-py3-none-musllinux_1_2_i686.whl", hash = "sha256:a681db041ef55550c371f9cd52a3cf17a0da4c75d6bd691092dfc38170ebc4b6"},
    {file = "ruff-0.11.7-py3-none-musllinux_1_2_x86_64.whl", hash = "sha256:07f1496ad00a4a139f4de220b0c97da6d4c85e0e4aa9b2624167b7d4d44fd6b6"},
    {file = "ruff-0.11.7-py3-none-win32.whl", hash = "sha256:f25dfb853ad217e6e5f1924ae8a5b3f6709051a13e9dad18690de6c8ff299e26"},
    {file = "ruff-0.11.7-py3-none-win_amd64.whl", hash = "sha256:0a931d85959ceb77e92aea4bbedfded0a31534ce191252721128f77e5ae1f98a"},
    {file = "ruff-0.11.7-py3-none-win_arm64.whl", hash = "sha256:778c1e5d6f9e91034142dfd06110534ca13220bfaad5c3735f6cb844654f6177"},
    {file = "ruff-0.11.7.tar.gz", hash = "sha256:655089ad3224070736dc32844fde783454f8558e71f501cb207485fe4eee23d4"},
]

[[package]]
name = "s3transfer"
version = "0.11.3"
requires_python = ">=3.8"
summary = "An Amazon S3 Transfer Manager"
groups = ["default"]
dependencies = [
    "botocore<2.0a.0,>=1.36.0",
]
files = [
    {file = "s3transfer-0.11.3-py3-none-any.whl", hash = "sha256:ca855bdeb885174b5ffa95b9913622459d4ad8e331fc98eb01e6d5eb6a30655d"},
    {file = "s3transfer-0.11.3.tar.gz", hash = "sha256:edae4977e3a122445660c7c114bba949f9d191bae3b34a096f18a1c8c354527a"},
]

[[package]]
name = "six"
version = "1.17.0"
requires_python = "!=3.0.*,!=3.1.*,!=3.2.*,>=2.7"
summary = "Python 2 and 3 compatibility utilities"
groups = ["default"]
files = [
    {file = "six-1.17.0-py2.py3-none-any.whl", hash = "sha256:4721f391ed90541fddacab5acf947aa0d3dc7d27b2e1e8eda2be8970586c3274"},
    {file = "six-1.17.0.tar.gz", hash = "sha256:ff70335d468e7eb6ec65b95b99d3a2836546063f63acc5171de367e834932a81"},
]

[[package]]
name = "sniffio"
version = "1.3.1"
requires_python = ">=3.7"
summary = "Sniff out which async library your code is running under"
groups = ["default"]
files = [
    {file = "sniffio-1.3.1-py3-none-any.whl", hash = "sha256:2f6da418d1f1e0fddd844478f41680e794e6051915791a034ff65e5f100525a2"},
    {file = "sniffio-1.3.1.tar.gz", hash = "sha256:f4324edc670a0f49750a81b895f35c3adb843cca46f0530f79fc1babb23789dc"},
]

[[package]]
name = "starlette"
version = "0.46.2"
requires_python = ">=3.9"
summary = "The little ASGI library that shines."
groups = ["default"]
dependencies = [
    "anyio<5,>=3.6.2",
    "typing-extensions>=3.10.0; python_version < \"3.10\"",
]
files = [
    {file = "starlette-0.46.2-py3-none-any.whl", hash = "sha256:595633ce89f8ffa71a015caed34a5b2dc1c0cdb3f0f1fbd1e69339cf2abeec35"},
    {file = "starlette-0.46.2.tar.gz", hash = "sha256:7f7361f34eed179294600af672f565727419830b54b7b084efe44bb82d2fccd5"},
]

[[package]]
name = "typing-extensions"
version = "4.13.2"
requires_python = ">=3.8"
summary = "Backported and Experimental Type Hints for Python 3.8+"
groups = ["default"]
files = [
    {file = "typing_extensions-4.13.2-py3-none-any.whl", hash = "sha256:a439e7c04b49fec3e5d3e2beaa21755cadbbdc391694e28ccdd36ca4a1408f8c"},
    {file = "typing_extensions-4.13.2.tar.gz", hash = "sha256:e6c81219bd689f51865d9e372991c540bda33a0379d5573cddb9a3a23f7caaef"},
]

[[package]]
name = "typing-inspection"
version = "0.4.0"
requires_python = ">=3.9"
summary = "Runtime typing introspection tools"
groups = ["default"]
dependencies = [
    "typing-extensions>=4.12.0",
]
files = [
    {file = "typing_inspection-0.4.0-py3-none-any.whl", hash = "sha256:50e72559fcd2a6367a19f7a7e610e6afcb9fac940c650290eed893d61386832f"},
    {file = "typing_inspection-0.4.0.tar.gz", hash = "sha256:9765c87de36671694a67904bf2c96e395be9c6439bb6c87b5142569dcdd65122"},
]

[[package]]
name = "urllib3"
version = "1.26.20"
requires_python = "!=3.0.*,!=3.1.*,!=3.2.*,!=3.3.*,!=3.4.*,!=3.5.*,>=2.7"
summary = "HTTP library with thread-safe connection pooling, file post, and more."
groups = ["default"]
files = [
    {file = "urllib3-1.26.20-py2.py3-none-any.whl", hash = "sha256:0ed14ccfbf1c30a9072c7ca157e4319b70d65f623e91e7b32fadb2853431016e"},
    {file = "urllib3-1.26.20.tar.gz", hash = "sha256:40c2dc0c681e47eb8f90e7e27bf6ff7df2e677421fd46756da1161c39ca70d32"},
]

[[package]]
name = "uvicorn"
version = "0.34.2"
requires_python = ">=3.9"
summary = "The lightning-fast ASGI server."
groups = ["default"]
dependencies = [
    "click>=7.0",
    "h11>=0.8",
    "typing-extensions>=4.0; python_version < \"3.11\"",
]
files = [
    {file = "uvicorn-0.34.2-py3-none-any.whl", hash = "sha256:deb49af569084536d269fe0a6d67e3754f104cf03aba7c11c40f01aadf33c403"},
    {file = "uvicorn-0.34.2.tar.gz", hash = "sha256:0e929828f6186353a80b58ea719861d2629d766293b6d19baf086ba31d4f3328"},
]

[[package]]
name = "win32-setctime"
version = "1.2.0"
requires_python = ">=3.5"
summary = "A small Python utility to set file creation time on Windows"
groups = ["default"]
marker = "sys_platform == \"win32\""
files = [
    {file = "win32_setctime-1.2.0-py3-none-any.whl", hash = "sha256:95d644c4e708aba81dc3704a116d8cbc974d70b3bdb8be1d150e36be6e9d1390"},
    {file = "win32_setctime-1.2.0.tar.gz", hash = "sha256:ae1fdf948f5640aae05c511ade119313fb6a30d7eabe25fef9764dca5873c4c0"},
]

[[package]]
name = "wrapt"
version = "1.17.2"
requires_python = ">=3.8"
summary = "Module for decorators, wrappers and monkey patching."
groups = ["default"]
files = [
    {file = "wrapt-1.17.2-cp312-cp312-macosx_10_13_universal2.whl", hash = "sha256:d5e2439eecc762cd85e7bd37161d4714aa03a33c5ba884e26c81559817ca0925"},
    {file = "wrapt-1.17.2-cp312-cp312-macosx_10_13_x86_64.whl", hash = "sha256:3fc7cb4c1c744f8c05cd5f9438a3caa6ab94ce8344e952d7c45a8ed59dd88392"},
    {file = "wrapt-1.17.2-cp312-cp312-macosx_11_0_arm64.whl", hash = "sha256:8fdbdb757d5390f7c675e558fd3186d590973244fab0c5fe63d373ade3e99d40"},
    {file = "wrapt-1.17.2-cp312-cp312-manylinux_2_17_aarch64.manylinux2014_aarch64.whl", hash = "sha256:5bb1d0dbf99411f3d871deb6faa9aabb9d4e744d67dcaaa05399af89d847a91d"},
    {file = "wrapt-1.17.2-cp312-cp312-manylinux_2_5_i686.manylinux1_i686.manylinux_2_17_i686.manylinux2014_i686.whl", hash = "sha256:d18a4865f46b8579d44e4fe1e2bcbc6472ad83d98e22a26c963d46e4c125ef0b"},
    {file = "wrapt-1.17.2-cp312-cp312-manylinux_2_5_x86_64.manylinux1_x86_64.manylinux_2_17_x86_64.manylinux2014_x86_64.whl", hash = "sha256:bc570b5f14a79734437cb7b0500376b6b791153314986074486e0b0fa8d71d98"},
    {file = "wrapt-1.17.2-cp312-cp312-musllinux_1_2_aarch64.whl", hash = "sha256:6d9187b01bebc3875bac9b087948a2bccefe464a7d8f627cf6e48b1bbae30f82"},
    {file = "wrapt-1.17.2-cp312-cp312-musllinux_1_2_i686.whl", hash = "sha256:9e8659775f1adf02eb1e6f109751268e493c73716ca5761f8acb695e52a756ae"},
    {file = "wrapt-1.17.2-cp312-cp312-musllinux_1_2_x86_64.whl", hash = "sha256:e8b2816ebef96d83657b56306152a93909a83f23994f4b30ad4573b00bd11bb9"},
    {file = "wrapt-1.17.2-cp312-cp312-win32.whl", hash = "sha256:468090021f391fe0056ad3e807e3d9034e0fd01adcd3bdfba977b6fdf4213ea9"},
    {file = "wrapt-1.17.2-cp312-cp312-win_amd64.whl", hash = "sha256:ec89ed91f2fa8e3f52ae53cd3cf640d6feff92ba90d62236a81e4e563ac0e991"},
    {file = "wrapt-1.17.2-py3-none-any.whl", hash = "sha256:b18f2d1533a71f069c7f82d524a52599053d4c7166e9dd374ae2136b7f40f7c8"},
    {file = "wrapt-1.17.2.tar.gz", hash = "sha256:41388e9d4d1522446fe79d3213196bd9e3b301a336965b9e27ca2788ebd122f3"},
]

[[package]]
name = "yarl"
version = "1.20.0"
requires_python = ">=3.9"
summary = "Yet another URL library"
groups = ["default"]
dependencies = [
    "idna>=2.0",
    "multidict>=4.0",
    "propcache>=0.2.1",
]
files = [
    {file = "yarl-1.20.0-cp312-cp312-macosx_10_13_universal2.whl", hash = "sha256:e06b9f6cdd772f9b665e5ba8161968e11e403774114420737f7884b5bd7bdf6f"},
    {file = "yarl-1.20.0-cp312-cp312-macosx_10_13_x86_64.whl", hash = "sha256:b9ae2fbe54d859b3ade40290f60fe40e7f969d83d482e84d2c31b9bff03e359e"},
    {file = "yarl-1.20.0-cp312-cp312-macosx_11_0_arm64.whl", hash = "sha256:6d12b8945250d80c67688602c891237994d203d42427cb14e36d1a732eda480e"},
    {file = "yarl-1.20.0-cp312-cp312-manylinux_2_17_aarch64.manylinux2014_aarch64.whl", hash = "sha256:087e9731884621b162a3e06dc0d2d626e1542a617f65ba7cc7aeab279d55ad33"},
    {file = "yarl-1.20.0-cp312-cp312-manylinux_2_17_armv7l.manylinux2014_armv7l.manylinux_2_31_armv7l.whl", hash = "sha256:69df35468b66c1a6e6556248e6443ef0ec5f11a7a4428cf1f6281f1879220f58"},
    {file = "yarl-1.20.0-cp312-cp312-manylinux_2_17_ppc64le.manylinux2014_ppc64le.whl", hash = "sha256:3b2992fe29002fd0d4cbaea9428b09af9b8686a9024c840b8a2b8f4ea4abc16f"},
    {file = "yarl-1.20.0-cp312-cp312-manylinux_2_17_s390x.manylinux2014_s390x.whl", hash = "sha256:4c903e0b42aab48abfbac668b5a9d7b6938e721a6341751331bcd7553de2dcae"},
    {file = "yarl-1.20.0-cp312-cp312-manylinux_2_17_x86_64.manylinux2014_x86_64.whl", hash = "sha256:bf099e2432131093cc611623e0b0bcc399b8cddd9a91eded8bfb50402ec35018"},
    {file = "yarl-1.20.0-cp312-cp312-manylinux_2_5_i686.manylinux1_i686.manylinux_2_17_i686.manylinux2014_i686.whl", hash = "sha256:8a7f62f5dc70a6c763bec9ebf922be52aa22863d9496a9a30124d65b489ea672"},
    {file = "yarl-1.20.0-cp312-cp312-musllinux_1_2_aarch64.whl", hash = "sha256:54ac15a8b60382b2bcefd9a289ee26dc0920cf59b05368c9b2b72450751c6eb8"},
    {file = "yarl-1.20.0-cp312-cp312-musllinux_1_2_armv7l.whl", hash = "sha256:25b3bc0763a7aca16a0f1b5e8ef0f23829df11fb539a1b70476dcab28bd83da7"},
    {file = "yarl-1.20.0-cp312-cp312-musllinux_1_2_i686.whl", hash = "sha256:b2586e36dc070fc8fad6270f93242124df68b379c3a251af534030a4a33ef594"},
    {file = "yarl-1.20.0-cp312-cp312-musllinux_1_2_ppc64le.whl", hash = "sha256:866349da9d8c5290cfefb7fcc47721e94de3f315433613e01b435473be63daa6"},
    {file = "yarl-1.20.0-cp312-cp312-musllinux_1_2_s390x.whl", hash = "sha256:33bb660b390a0554d41f8ebec5cd4475502d84104b27e9b42f5321c5192bfcd1"},
    {file = "yarl-1.20.0-cp312-cp312-musllinux_1_2_x86_64.whl", hash = "sha256:737e9f171e5a07031cbee5e9180f6ce21a6c599b9d4b2c24d35df20a52fabf4b"},
    {file = "yarl-1.20.0-cp312-cp312-win32.whl", hash = "sha256:839de4c574169b6598d47ad61534e6981979ca2c820ccb77bf70f4311dd2cc64"},
    {file = "yarl-1.20.0-cp312-cp312-win_amd64.whl", hash = "sha256:3d7dbbe44b443b0c4aa0971cb07dcb2c2060e4a9bf8d1301140a33a93c98e18c"},
    {file = "yarl-1.20.0-py3-none-any.whl", hash = "sha256:5d0fe6af927a47a230f31e6004621fd0959eaa915fc62acfafa67ff7229a3124"},
    {file = "yarl-1.20.0.tar.gz", hash = "sha256:686d51e51ee5dfe62dec86e4866ee0e9ed66df700d55c828a615640adc885307"},
]
